<Solution>
  <Project Path="Datos/Datos.csproj" Id="bc8c3e90-6000-42ba-bc1a-94d87efdaf28" />
  <Project Path="Logica.2/Logica.2.csproj" Id="aa847b69-0a9f-4ee6-b756-539532db82af" />
  <Project Path="SistemaDeInventarios/SistemaDeInventarios.csproj" Id="a21c89af-8502-4487-935a-40cac34433bb" />
</Solution>
